// !$*UTF8*$!
{
	archiveVersion = 1;
	classes = {
	};
	objectVersion = 48;
	objects = {

/* Begin PBXBuildFile section */
		F605E9CC20119D72000C4923 /* AppDelegate.swift in Sources */ = {isa = PBXBuildFile; fileRef = F605E9CB20119D72000C4923 /* AppDelegate.swift */; };
		F605E9CE20119D72000C4923 /* WelcomeVC.swift in Sources */ = {isa = PBXBuildFile; fileRef = F605E9CD20119D72000C4923 /* WelcomeVC.swift */; };
		F605E9D120119D72000C4923 /* Main.storyboard in Resources */ = {isa = PBXBuildFile; fileRef = F605E9CF20119D72000C4923 /* Main.storyboard */; };
		F605E9D320119D72000C4923 /* Assets.xcassets in Resources */ = {isa = PBXBuildFile; fileRef = F605E9D220119D72000C4923 /* Assets.xcassets */; };
		F605E9D620119D72000C4923 /* LaunchScreen.storyboard in Resources */ = {isa = PBXBuildFile; fileRef = F605E9D420119D72000C4923 /* LaunchScreen.storyboard */; };
		F605E9DF2011A1C1000C4923 /* BorderButton.swift in Sources */ = {isa = PBXBuildFile; fileRef = F605E9DE2011A1C1000C4923 /* BorderButton.swift */; };
		F60E87882016CD2900471DF3 /* LeagueVC.swift in Sources */ = {isa = PBXBuildFile; fileRef = F60E87872016CD2900471DF3 /* LeagueVC.swift */; };
		F60E878A2016CD3800471DF3 /* SkillVC.swift in Sources */ = {isa = PBXBuildFile; fileRef = F60E87892016CD3800471DF3 /* SkillVC.swift */; };
/* End PBXBuildFile section */

/* Begin PBXFileReference section */
		F605E9C820119D72000C4923 /* app-swoosh2.app */ = {isa = PBXFileReference; explicitFileType = wrapper.application; includeInIndex = 0; path = "app-swoosh2.app"; sourceTree = BUILT_PRODUCTS_DIR; };
		F605E9CB20119D72000C4923 /* AppDelegate.swift */ = {isa = PBXFileReference; lastKnownFileType = sourcecode.swift; path = AppDelegate.swift; sourceTree = "<group>"; };
		F605E9CD20119D72000C4923 /* WelcomeVC.swift */ = {isa = PBXFileReference; lastKnownFileType = sourcecode.swift; path = WelcomeVC.swift; sourceTree = "<group>"; };
		F605E9D020119D72000C4923 /* Base */ = {isa = PBXFileReference; lastKnownFileType = file.storyboard; name = Base; path = Base.lproj/Main.storyboard; sourceTree = "<group>"; };
		F605E9D220119D72000C4923 /* Assets.xcassets */ = {isa = PBXFileReference; lastKnownFileType = folder.assetcatalog; path = Assets.xcassets; sourceTree = "<group>"; };
		F605E9D520119D72000C4923 /* Base */ = {isa = PBXFileReference; lastKnownFileType = file.storyboard; name = Base; path = Base.lproj/LaunchScreen.storyboard; sourceTree = "<group>"; };
		F605E9D720119D72000C4923 /* Info.plist */ = {isa = PBXFileReference; lastKnownFileType = text.plist.xml; path = Info.plist; sourceTree = "<group>"; };
		F605E9DE2011A1C1000C4923 /* BorderButton.swift */ = {isa = PBXFileReference; lastKnownFileType = sourcecode.swift; path = BorderButton.swift; sourceTree = "<group>"; };
		F60E87872016CD2900471DF3 /* LeagueVC.swift */ = {isa = PBXFileReference; lastKnownFileType = sourcecode.swift; path = LeagueVC.swift; sourceTree = "<group>"; };
		F60E87892016CD3800471DF3 /* SkillVC.swift */ = {isa = PBXFileReference; lastKnownFileType = sourcecode.swift; path = SkillVC.swift; sourceTree = "<group>"; };
/* End PBXFileReference section */

/* Begin PBXFrameworksBuildPhase section */
		F605E9C520119D72000C4923 /* Frameworks */ = {
			isa = PBXFrameworksBuildPhase;
			buildActionMask = 2147483647;
			files = (
			);
			runOnlyForDeploymentPostprocessing = 0;
		};
/* End PBXFrameworksBuildPhase section */

/* Begin PBXGroup section */
		F605E9BF20119D72000C4923 = {
			isa = PBXGroup;
			children = (
				F605E9CA20119D72000C4923 /* app-swoosh2 */,
				F605E9C920119D72000C4923 /* Products */,
			);
			sourceTree = "<group>";
		};
		F605E9C920119D72000C4923 /* Products */ = {
			isa = PBXGroup;
			children = (
				F605E9C820119D72000C4923 /* app-swoosh2.app */,
			);
			name = Products;
			sourceTree = "<group>";
		};
		F605E9CA20119D72000C4923 /* app-swoosh2 */ = {
			isa = PBXGroup;
			children = (
				F60E87862016CC8900471DF3 /* Model */,
				F60E87852016CC8200471DF3 /* Controller */,
				F605E9DD2011A171000C4923 /* View */,
				F605E9CB20119D72000C4923 /* AppDelegate.swift */,
				F605E9CF20119D72000C4923 /* Main.storyboard */,
				F605E9D220119D72000C4923 /* Assets.xcassets */,
				F605E9D420119D72000C4923 /* LaunchScreen.storyboard */,
				F605E9D720119D72000C4923 /* Info.plist */,
			);
			path = "app-swoosh2";
			sourceTree = "<group>";
		};
		F605E9DD2011A171000C4923 /* View */ = {
			isa = PBXGroup;
			children = (
				F605E9DE2011A1C1000C4923 /* BorderButton.swift */,
			);
			path = View;
			sourceTree = "<group>";
		};
		F60E87852016CC8200471DF3 /* Controller */ = {
			isa = PBXGroup;
			children = (
				F605E9CD20119D72000C4923 /* WelcomeVC.swift */,
				F60E87872016CD2900471DF3 /* LeagueVC.swift */,
				F60E87892016CD3800471DF3 /* SkillVC.swift */,
			);
			path = Controller;
			sourceTree = "<group>";
		};
		F60E87862016CC8900471DF3 /* Model */ = {
			isa = PBXGroup;
			children = (
			);
			path = Model;
			sourceTree = "<group>";
		};
/* End PBXGroup section */

/* Begin PBXNativeTarget section */
		F605E9C720119D72000C4923 /* app-swoosh2 */ = {
			isa = PBXNativeTarget;
			buildConfigurationList = F605E9DA20119D72000C4923 /* Build configuration list for PBXNativeTarget "app-swoosh2" */;
			buildPhases = (
				F605E9C420119D72000C4923 /* Sources */,
				F605E9C520119D72000C4923 /* Frameworks */,
				F605E9C620119D72000C4923 /* Resources */,
			);
			buildRules = (
			);
			dependencies = (
			);
			name = "app-swoosh2";
			productName = "app-swoosh2";
			productReference = F605E9C820119D72000C4923 /* app-swoosh2.app */;
			productType = "com.apple.product-type.application";
		};
/* End PBXNativeTarget section */

/* Begin PBXProject section */
		F605E9C020119D72000C4923 /* Project object */ = {
			isa = PBXProject;
			attributes = {
				LastSwiftUpdateCheck = 0920;
				LastUpgradeCheck = 0920;
				ORGANIZATIONNAME = "Ricardo Herrera Petit";
				TargetAttributes = {
					F605E9C720119D72000C4923 = {
						CreatedOnToolsVersion = 9.2;
						ProvisioningStyle = Automatic;
					};
				};
			};
			buildConfigurationList = F605E9C320119D72000C4923 /* Build configuration list for PBXProject "app-swoosh2" */;
			compatibilityVersion = "Xcode 8.0";
			developmentRegion = en;
			hasScannedForEncodings = 0;
			knownRegions = (
				en,
				Base,
			);
			mainGroup = F605E9BF20119D72000C4923;
			productRefGroup = F605E9C920119D72000C4923 /* Products */;
			projectDirPath = "";
			projectRoot = "";
			targets = (
				F605E9C720119D72000C4923 /* app-swoosh2 */,
			);
		};
/* End PBXProject section */

/* Begin PBXResourcesBuildPhase section */
		F605E9C620119D72000C4923 /* Resources */ = {
			isa = PBXResourcesBuildPhase;
			buildActionMask = 2147483647;
			files = (
				F605E9D620119D72000C4923 /* LaunchScreen.storyboard in Resources */,
				F605E9D320119D72000C4923 /* Assets.xcassets in Resources */,
				F605E9D120119D72000C4923 /* Main.storyboard in Resources */,
			);
			runOnlyForDeploymentPostprocessing = 0;
		};
/* End PBXResourcesBuildPhase section */

/* Begin PBXSourcesBuildPhase section */
		F605E9C420119D72000C4923 /* Sources */ = {
			isa = PBXSourcesBuildPhase;
			buildActionMask = 2147483647;
			files = (
				F605E9CE20119D72000C4923 /* WelcomeVC.swift in Sources */,
				F60E87882016CD2900471DF3 /* LeagueVC.swift in Sources */,
				F605E9CC20119D72000C4923 /* AppDelegate.swift in Sources */,
				F60E878A2016CD3800471DF3 /* SkillVC.swift in Sources */,
				F605E9DF2011A1C1000C4923 /* BorderButton.swift in Sources */,
			);
			runOnlyForDeploymentPostprocessing = 0;
		};
/* End PBXSourcesBuildPhase section */

/* Begin PBXVariantGroup section */
		F605E9CF20119D72000C4923 /* Main.storyboard */ = {
			isa = PBXVariantGroup;
			children = (
				F605E9D020119D72000C4923 /* Base */,
			);
			name = Main.storyboard;
			sourceTree = "<group>";
		};
		F605E9D420119D72000C4923 /* LaunchScreen.storyboard */ = {
			isa = PBXVariantGroup;
			children = (
				F605E9D520119D72000C4923 /* Base */,
			);
			name = LaunchScreen.storyboard;
			sourceTree = "<group>";
		};
/* End PBXVariantGroup section */

/* Begin XCBuildConfiguration section */
		F605E9D820119D72000C4923 /* Debug */ = {
			isa = XCBuildConfiguration;
			buildSettings = {
				ALWAYS_SEARCH_USER_PATHS = NO;
				CLANG_ANALYZER_NONNULL = YES;
				CLANG_ANALYZER_NUMBER_OBJECT_CONVERSION = YES_AGGRESSIVE;
				CLANG_CXX_LANGUAGE_STANDARD = "gnu++14";
				CLANG_CXX_LIBRARY = "libc++";
				CLANG_ENABLE_MODULES = YES;
				CLANG_ENABLE_OBJC_ARC = YES;
				CLANG_WARN_BLOCK_CAPTURE_AUTORELEASING = YES;
				CLANG_WARN_BOOL_CONVERSION = YES;
				CLANG_WARN_COMMA = YES;
				CLANG_WARN_CONSTANT_CONVERSION = YES;
				CLANG_WARN_DIRECT_OBJC_ISA_USAGE = YES_ERROR;
				CLANG_WARN_DOCUMENTATION_COMMENTS = YES;
				CLANG_WARN_EMPTY_BODY = YES;
				CLANG_WARN_ENUM_CONVERSION = YES;
				CLANG_WARN_INFINITE_RECURSION = YES;
				CLANG_WARN_INT_CONVERSION = YES;
				CLANG_WARN_NON_LITERAL_NULL_CONVERSION = YES;
				CLANG_WARN_OBJC_LITERAL_CONVERSION = YES;
				CLANG_WARN_OBJC_ROOT_CLASS = YES_ERROR;
				CLANG_WARN_RANGE_LOOP_ANALYSIS = YES;
				CLANG_WARN_STRICT_PROTOTYPES = YES;
				CLANG_WARN_SUSPICIOUS_MOVE = YES;
				CLANG_WARN_UNGUARDED_AVAILABILITY = YES_AGGRESSIVE;
				CLANG_WARN_UNREACHABLE_CODE = YES;
				CLANG_WARN__DUPLICATE_METHOD_MATCH = YES;
				CODE_SIGN_IDENTITY = "iPhone Developer";
				COPY_PHASE_STRIP = NO;
				DEBUG_INFORMATION_FORMAT = dwarf;
				ENABLE_STRICT_OBJC_MSGSEND = YES;
				ENABLE_TESTABILITY = YES;
				GCC_C_LANGUAGE_STANDARD = gnu11;
				GCC_DYNAMIC_NO_PIC = NO;
				GCC_NO_COMMON_BLOCKS = YES;
				GCC_OPTIMIZATION_LEVEL = 0;
				GCC_PREPROCESSOR_DEFINITIONS = (
					"DEBUG=1",
					"$(inherited)",
				);
				GCC_WARN_64_TO_32_BIT_CONVERSION = YES;
				GCC_WARN_ABOUT_RETURN_TYPE = YES_ERROR;
				GCC_WARN_UNDECLARED_SELECTOR = YES;
				GCC_WARN_UNINITIALIZED_AUTOS = YES_AGGRESSIVE;
				GCC_WARN_UNUSED_FUNCTION = YES;
				GCC_WARN_UNUSED_VARIABLE = YES;
				IPHONEOS_DEPLOYMENT_TARGET = 11.2;
				MTL_ENABLE_DEBUG_INFO = YES;
				ONLY_ACTIVE_ARCH = YES;
				SDKROOT = iphoneos;
				SWIFT_ACTIVE_COMPILATION_CONDITIONS = DEBUG;
				SWIFT_OPTIMIZATION_LEVEL = "-Onone";
			};
			name = Debug;
		};
		F605E9D920119D72000C4923 /* Release */ = {
			isa = XCBuildConfiguration;
			buildSettings = {
				ALWAYS_SEARCH_USER_PATHS = NO;
				CLANG_ANALYZER_NONNULL = YES;
				CLANG_ANALYZER_NUMBER_OBJECT_CONVERSION = YES_AGGRESSIVE;
				CLANG_CXX_LANGUAGE_STANDARD = "gnu++14";
				CLANG_CXX_LIBRARY = "libc++";
				CLANG_ENABLE_MODULES = YES;
				CLANG_ENABLE_OBJC_ARC = YES;
				CLANG_WARN_BLOCK_CAPTURE_AUTORELEASING = YES;
				CLANG_WARN_BOOL_CONVERSION = YES;
				CLANG_WARN_COMMA = YES;
				CLANG_WARN_CONSTANT_CONVERSION = YES;
				CLANG_WARN_DIRECT_OBJC_ISA_USAGE = YES_ERROR;
				CLANG_WARN_DOCUMENTATION_COMMENTS = YES;
				CLANG_WARN_EMPTY_BODY = YES;
				CLANG_WARN_ENUM_CONVERSION = YES;
				CLANG_WARN_INFINITE_RECURSION = YES;
				CLANG_WARN_INT_CONVERSION = YES;
				CLANG_WARN_NON_LITERAL_NULL_CONVERSION = YES;
				CLANG_WARN_OBJC_LITERAL_CONVERSION = YES;
				CLANG_WARN_OBJC_ROOT_CLASS = YES_ERROR;
				CLANG_WARN_RANGE_LOOP_ANALYSIS = YES;
				CLANG_WARN_STRICT_PROTOTYPES = YES;
				CLANG_WARN_SUSPICIOUS_MOVE = YES;
				CLANG_WARN_UNGUARDED_AVAILABILITY = YES_AGGRESSIVE;
				CLANG_WARN_UNREACHABLE_CODE = YES;
				CLANG_WARN__DUPLICATE_METHOD_MATCH = YES;
				CODE_SIGN_IDENTITY = "iPhone Developer";
				COPY_PHASE_STRIP = NO;
				DEBUG_INFORMATION_FORMAT = "dwarf-with-dsym";
				ENABLE_NS_ASSERTIONS = NO;
				ENABLE_STRICT_OBJC_MSGSEND = YES;
				GCC_C_LANGUAGE_STANDARD = gnu11;
				GCC_NO_COMMON_BLOCKS = YES;
				GCC_WARN_64_TO_32_BIT_CONVERSION = YES;
				GCC_WARN_ABOUT_RETURN_TYPE = YES_ERROR;
				GCC_WARN_UNDECLARED_SELECTOR = YES;
				GCC_WARN_UNINITIALIZED_AUTOS = YES_AGGRESSIVE;
				GCC_WARN_UNUSED_FUNCTION = YES;
				GCC_WARN_UNUSED_VARIABLE = YES;
				IPHONEOS_DEPLOYMENT_TARGET = 11.2;
				MTL_ENABLE_DEBUG_INFO = NO;
				SDKROOT = iphoneos;
				SWIFT_OPTIMIZATION_LEVEL = "-Owholemodule";
				VALIDATE_PRODUCT = YES;
			};
			name = Release;
		};
		F605E9DB20119D72000C4923 /* Debug */ = {
			isa = XCBuildConfiguration;
			buildSettings = {
				ASSETCATALOG_COMPILER_APPICON_NAME = AppIcon;
				CODE_SIGN_STYLE = Automatic;
				DEVELOPMENT_TEAM = AMLYNCKP6M;
				INFOPLIST_FILE = "app-swoosh2/Info.plist";
				LD_RUNPATH_SEARCH_PATHS = "$(inherited) @executable_path/Frameworks";
				PRODUCT_BUNDLE_IDENTIFIER = "petitcoding.com.app-swoosh2";
				PRODUCT_NAME = "$(TARGET_NAME)";
				SWIFT_VERSION = 4.0;
				TARGETED_DEVICE_FAMILY = "1,2";
			};
			name = Debug;
		};
		F605E9DC20119D72000C4923 /* Release */ = {
			isa = XCBuildConfiguration;
			buildSettings = {
				ASSETCATALOG_COMPILER_APPICON_NAME = AppIcon;
				CODE_SIGN_STYLE = Automatic;
				DEVELOPMENT_TEAM = AMLYNCKP6M;
				INFOPLIST_FILE = "app-swoosh2/Info.plist";
				LD_RUNPATH_SEARCH_PATHS = "$(inherited) @executable_path/Frameworks";
				PRODUCT_BUNDLE_IDENTIFIER = "petitcoding.com.app-swoosh2";
				PRODUCT_NAME = "$(TARGET_NAME)";
				SWIFT_VERSION = 4.0;
				TARGETED_DEVICE_FAMILY = "1,2";
			};
			name = Release;
		};
/* End XCBuildConfiguration section */

/* Begin XCConfigurationList section */
		F605E9C320119D72000C4923 /* Build configuration list for PBXProject "app-swoosh2" */ = {
			isa = XCConfigurationList;
			buildConfigurations = (
				F605E9D820119D72000C4923 /* Debug */,
				F605E9D920119D72000C4923 /* Release */,
			);
			defaultConfigurationIsVisible = 0;
			defaultConfigurationName = Release;
		};
		F605E9DA20119D72000C4923 /* Build configuration list for PBXNativeTarget "app-swoosh2" */ = {
			isa = XCConfigurationList;
			buildConfigurations = (
				F605E9DB20119D72000C4923 /* Debug */,
				F605E9DC20119D72000C4923 /* Release */,
			);
			defaultConfigurationIsVisible = 0;
			defaultConfigurationName = Release;
		};
/* End XCConfigurationList section */
	};
	rootObject = F605E9C020119D72000C4923 /* Project object */;
}
